{
  "name": "77-to-win",
  "version": "1.0.0",
  "lockfileVersion": 1,
  "requires": true,
  "dependencies": {
    "@rollup/plugin-typescript": {
      "version": "6.0.0",
      "resolved": "https://registry.npmjs.org/@rollup/plugin-typescript/-/plugin-typescript-6.0.0.tgz",
      "integrity": "sha512-Y5U2L4eaF3wUSgCZRMdvNmuzWkKMyN3OwvhAdbzAi5sUqedaBk/XbzO4T7RlViDJ78MOPhwAIv2FtId/jhMtbg==",
      "requires": {
        "@rollup/pluginutils": "^3.1.0",
        "resolve": "^1.17.0"
      }
    },
    "@rollup/pluginutils": {
      "version": "3.1.0",
      "resolved": "https://registry.npmjs.org/@rollup/pluginutils/-/pluginutils-3.1.0.tgz",
      "integrity": "sha512-GksZ6pr6TpIjHm8h9lSQ8pi8BE9VeubNT0OMJ3B5uZJ8pz73NPiqOtCog/x2/QzM1ENChPKxMDhiQuRHsqc+lg==",
      "requires": {
        "@types/estree": "0.0.39",
        "estree-walker": "^1.0.1",
        "picomatch": "^2.2.2"
      }
    },
    "@types/d3": {
      "version": "5.16.3",
      "resolved": "https://registry.npmjs.org/@types/d3/-/d3-5.16.3.tgz",
      "integrity": "sha512-s3wrhYhu25XZQ5p1hI9gEMSX5bx7lg9hAmi0+i5r3v75Gz1zRTgB2Q0psx+SO+4K0AO/PPJ1pnHCz64pANN/4w==",
      "requires": {
        "@types/d3-array": "^1",
        "@types/d3-axis": "^1",
        "@types/d3-brush": "^1",
        "@types/d3-chord": "^1",
        "@types/d3-collection": "*",
        "@types/d3-color": "^1",
        "@types/d3-contour": "^1",
        "@types/d3-dispatch": "^1",
        "@types/d3-drag": "^1",
        "@types/d3-dsv": "^1",
        "@types/d3-ease": "^1",
        "@types/d3-fetch": "^1",
        "@types/d3-force": "^1",
        "@types/d3-format": "^1",
        "@types/d3-geo": "^1",
        "@types/d3-hierarchy": "^1",
        "@types/d3-interpolate": "^1",
        "@types/d3-path": "^1",
        "@types/d3-polygon": "^1",
        "@types/d3-quadtree": "^1",
        "@types/d3-random": "^1",
        "@types/d3-scale": "^2",
        "@types/d3-scale-chromatic": "^1",
        "@types/d3-selection": "^1",
        "@types/d3-shape": "^1",
        "@types/d3-time": "^1",
        "@types/d3-time-format": "^2",
        "@types/d3-timer": "^1",
        "@types/d3-transition": "^1",
        "@types/d3-voronoi": "*",
        "@types/d3-zoom": "^1"
      },
      "dependencies": {
        "@types/d3-geo": {
          "version": "1.12.1",
          "resolved": "https://registry.npmjs.org/@types/d3-geo/-/d3-geo-1.12.1.tgz",
          "integrity": "sha512-8+gyGFyMCXIHtnMNKQDT++tZ4XYFXgiP5NK7mcv34aYXA16GQFiBBITjKzxghpO8QNVceOd9rUn1JY92WLNGQw==",
          "requires": {
            "@types/geojson": "*"
          }
        }
      }
    },
    "@types/d3-array": {
      "version": "1.2.7",
      "resolved": "https://registry.npmjs.org/@types/d3-array/-/d3-array-1.2.7.tgz",
      "integrity": "sha512-51vHWuUyDOi+8XuwPrTw3cFqyh2Slg9y8COYkRfjCPG9TfYqY0hoNPzv/8BrcAy0FeQBzqEo/D/8Nk2caOQJnA=="
    },
    "@types/d3-axis": {
      "version": "1.0.14",
      "resolved": "https://registry.npmjs.org/@types/d3-axis/-/d3-axis-1.0.14.tgz",
      "integrity": "sha512-wZAKX/dtFT5t5iuCaiU0QL0BWB19TE6h7C7kgfBVyoka7zidQWvf8E9zQTJ5bNPBQxd0+JmplNqwy1M8O8FOjA==",
      "requires": {
        "@types/d3-selection": "^1"
      }
    },
    "@types/d3-brush": {
      "version": "1.1.4",
      "resolved": "https://registry.npmjs.org/@types/d3-brush/-/d3-brush-1.1.4.tgz",
      "integrity": "sha512-2t8CgWaha9PsPdSZJ9m6Jl4awqf3DGIXek2e7gfheyfP2R0a/18MX+wuLHx+LyI1Ad7lxDsPWcswKD0XhQEjmg==",
      "requires": {
        "@types/d3-selection": "^1"
      }
    },
    "@types/d3-chord": {
      "version": "1.0.10",
      "resolved": "https://registry.npmjs.org/@types/d3-chord/-/d3-chord-1.0.10.tgz",
      "integrity": "sha512-U6YojfET6ITL1/bUJo+/Lh3pMV9XPAfOWwbshl3y3RlgAX9VO/Bxa13IMAylZIDY4VsA3Gkh29kZP1AcAeyoYA=="
    },
    "@types/d3-collection": {
      "version": "1.0.8",
      "resolved": "https://registry.npmjs.org/@types/d3-collection/-/d3-collection-1.0.8.tgz",
      "integrity": "sha512-y5lGlazdc0HNO0F3UUX2DPE7OmYvd9Kcym4hXwrJcNUkDaypR5pX+apuMikl9LfTxKItJsY9KYvzBulpCKyvuQ=="
    },
    "@types/d3-color": {
      "version": "1.4.1",
      "resolved": "https://registry.npmjs.org/@types/d3-color/-/d3-color-1.4.1.tgz",
      "integrity": "sha512-xkPLi+gbgUU9ED6QX4g6jqYL2KCB0/3AlM+ncMGqn49OgH0gFMY/ITGqPF8HwEiLzJaC+2L0I+gNwBgABv1Pvg=="
    },
    "@types/d3-contour": {
      "version": "1.3.1",
      "resolved": "https://registry.npmjs.org/@types/d3-contour/-/d3-contour-1.3.1.tgz",
      "integrity": "sha512-wWwsM/3NfKTRBdH00cSf+XlsaHlNTkvH66PgDedobyvKQZ4sJrXXpr16LXvDnAal4B67v8JGrWDgyx6dqqKLuQ==",
      "requires": {
        "@types/d3-array": "^1",
        "@types/geojson": "*"
      }
    },
    "@types/d3-dispatch": {
      "version": "1.0.9",
      "resolved": "https://registry.npmjs.org/@types/d3-dispatch/-/d3-dispatch-1.0.9.tgz",
      "integrity": "sha512-zJ44YgjqALmyps+II7b1mZLhrtfV/FOxw9owT87mrweGWcg+WK5oiJX2M3SYJ0XUAExBduarysfgbR11YxzojQ=="
    },
    "@types/d3-drag": {
      "version": "1.2.5",
      "resolved": "https://registry.npmjs.org/@types/d3-drag/-/d3-drag-1.2.5.tgz",
      "integrity": "sha512-7NeTnfolst1Js3Vs7myctBkmJWu6DMI3k597AaHUX98saHjHWJ6vouT83UrpE+xfbSceHV+8A0JgxuwgqgmqWw==",
      "requires": {
        "@types/d3-selection": "^1"
      }
    },
    "@types/d3-dsv": {
      "version": "1.2.1",
      "resolved": "https://registry.npmjs.org/@types/d3-dsv/-/d3-dsv-1.2.1.tgz",
      "integrity": "sha512-LLmJmjiqp/fTNEdij5bIwUJ6P6TVNk5hKM9/uk5RPO2YNgEu9XvKO0dJ7Iqd3psEdmZN1m7gB1bOsjr4HmO2BA=="
    },
    "@types/d3-ease": {
      "version": "1.0.10",
      "resolved": "https://registry.npmjs.org/@types/d3-ease/-/d3-ease-1.0.10.tgz",
      "integrity": "sha512-fMFTCzd8DOwruE9zlu2O8ci5ct+U5jkGcDS+cH+HCidnJlDs0MZ+TuSVCFtEzh4E5MasItwy+HvgoFtxPHa5Cw=="
    },
    "@types/d3-fetch": {
      "version": "1.2.2",
      "resolved": "https://registry.npmjs.org/@types/d3-fetch/-/d3-fetch-1.2.2.tgz",
      "integrity": "sha512-rtFs92GugtV/NpiJQd0WsmGLcg52tIL0uF0bKbbJg231pR9JEb6HT4AUwrtuLq3lOeKdLBhsjV14qb0pMmd0Aw==",
      "requires": {
        "@types/d3-dsv": "^1"
      }
    },
    "@types/d3-force": {
      "version": "1.2.2",
      "resolved": "https://registry.npmjs.org/@types/d3-force/-/d3-force-1.2.2.tgz",
      "integrity": "sha512-TN7KO7sk0tJauedIt0q20RQRFo4V3v97pJKO/TDK40X3LaPM1aXRM2+zFF+nRMtseEiszg4KffudhjR8a3+4cg=="
    },
    "@types/d3-format": {
      "version": "1.4.1",
      "resolved": "https://registry.npmjs.org/@types/d3-format/-/d3-format-1.4.1.tgz",
      "integrity": "sha512-ss9G2snEKmp2In5Z3T0Jpqv8QaDBc2xHltBw83KjnV5B5w+Iwphbvq5ph/Xnu4d03fmmsdt+o1aWch379rxIbA=="
    },
    "@types/d3-geo": {
      "version": "2.0.0",
      "resolved": "https://registry.npmjs.org/@types/d3-geo/-/d3-geo-2.0.0.tgz",
      "integrity": "sha512-DHHgYXW36lnAEQMYU2udKVOxxljHrn2EdOINeSC9jWCAXwOnGn7A19B8sNsHqgpu4F7O2bSD7//cqBXD3W0Deg==",
      "requires": {
        "@types/geojson": "*"
      }
    },
    "@types/d3-hierarchy": {
      "version": "1.1.7",
      "resolved": "https://registry.npmjs.org/@types/d3-hierarchy/-/d3-hierarchy-1.1.7.tgz",
      "integrity": "sha512-fvht6DOYKzqmXjMb/+xfgkmrWM4SD7rMA/ZbM+gGwr9ZTuIDfky95J8CARtaJo/ExeWyS0xGVdL2gqno2zrQ0Q=="
    },
    "@types/d3-interpolate": {
      "version": "1.4.2",
      "resolved": "https://registry.npmjs.org/@types/d3-interpolate/-/d3-interpolate-1.4.2.tgz",
      "integrity": "sha512-ylycts6llFf8yAEs1tXzx2loxxzDZHseuhPokrqKprTQSTcD3JbJI1omZP1rphsELZO3Q+of3ff0ZS7+O6yVzg==",
      "requires": {
        "@types/d3-color": "^1"
      }
    },
    "@types/d3-path": {
      "version": "1.0.9",
      "resolved": "https://registry.npmjs.org/@types/d3-path/-/d3-path-1.0.9.tgz",
      "integrity": "sha512-NaIeSIBiFgSC6IGUBjZWcscUJEq7vpVu7KthHN8eieTV9d9MqkSOZLH4chq1PmcKy06PNe3axLeKmRIyxJ+PZQ=="
    },
    "@types/d3-polygon": {
      "version": "1.0.8",
      "resolved": "https://registry.npmjs.org/@types/d3-polygon/-/d3-polygon-1.0.8.tgz",
      "integrity": "sha512-1TOJPXCBJC9V3+K3tGbTqD/CsqLyv/YkTXAcwdsZzxqw5cvpdnCuDl42M4Dvi8XzMxZNCT9pL4ibrK2n4VmAcw=="
    },
    "@types/d3-quadtree": {
      "version": "1.0.8",
      "resolved": "https://registry.npmjs.org/@types/d3-quadtree/-/d3-quadtree-1.0.8.tgz",
      "integrity": "sha512-FuqYiexeSQZlc+IcGAVK8jSJKDFKHcSf/jx8rqJUUVx6rzv7ecQiXKyatrLHHh3W4CAvgNeVI23JKgk4+x2wFg=="
    },
    "@types/d3-random": {
      "version": "1.1.3",
      "resolved": "https://registry.npmjs.org/@types/d3-random/-/d3-random-1.1.3.tgz",
      "integrity": "sha512-XXR+ZbFCoOd4peXSMYJzwk0/elP37WWAzS/DG+90eilzVbUSsgKhBcWqylGWe+lA2ubgr7afWAOBaBxRgMUrBQ=="
    },
    "@types/d3-scale": {
      "version": "2.2.4",
      "resolved": "https://registry.npmjs.org/@types/d3-scale/-/d3-scale-2.2.4.tgz",
      "integrity": "sha512-wkQXT+IfgfAnKB5rtS1qMJg3FS32r1rVFHvqtiqk8pX8o5aQR3VwX1P7ErHjzNIicTlkWsaMiUTrYB+E75HFeA==",
      "requires": {
        "@types/d3-time": "^1"
      }
    },
    "@types/d3-scale-chromatic": {
      "version": "1.5.1",
      "resolved": "https://registry.npmjs.org/@types/d3-scale-chromatic/-/d3-scale-chromatic-1.5.1.tgz",
      "integrity": "sha512-7FtJYrmXTEWLykShjYhoGuDNR/Bda0+tstZMkFj4RRxUEryv16AGh3be21tqg84B6KfEwiZyEpBcTyPyU+GWjg=="
    },
    "@types/d3-selection": {
      "version": "1.4.3",
      "resolved": "https://registry.npmjs.org/@types/d3-selection/-/d3-selection-1.4.3.tgz",
      "integrity": "sha512-GjKQWVZO6Sa96HiKO6R93VBE8DUW+DDkFpIMf9vpY5S78qZTlRRSNUsHr/afDpF7TvLDV7VxrUFOWW7vdIlYkA=="
    },
    "@types/d3-shape": {
      "version": "1.3.4",
      "resolved": "https://registry.npmjs.org/@types/d3-shape/-/d3-shape-1.3.4.tgz",
      "integrity": "sha512-fxmOjs+UqNQGpztD5BOo+KriE0jLFrBP4Ct++0QExv/xfDOT1cpcMxgsZ+5qPmnR0t+GjbwAe1Um1PHpv3G4oA==",
      "requires": {
        "@types/d3-path": "^1"
      }
    },
    "@types/d3-time": {
      "version": "1.1.1",
      "resolved": "https://registry.npmjs.org/@types/d3-time/-/d3-time-1.1.1.tgz",
      "integrity": "sha512-ULX7LoqXTCYtM+tLYOaeAJK7IwCT+4Gxlm2MaH0ErKLi07R5lh8NHCAyWcDkCCmx1AfRcBEV6H9QE9R25uP7jw=="
    },
    "@types/d3-time-format": {
      "version": "2.3.1",
      "resolved": "https://registry.npmjs.org/@types/d3-time-format/-/d3-time-format-2.3.1.tgz",
      "integrity": "sha512-fck0Z9RGfIQn3GJIEKVrp15h9m6Vlg0d5XXeiE/6+CQiBmMDZxfR21XtjEPuDeg7gC3bBM0SdieA5XF3GW1wKA=="
    },
    "@types/d3-timer": {
      "version": "1.0.10",
      "resolved": "https://registry.npmjs.org/@types/d3-timer/-/d3-timer-1.0.10.tgz",
      "integrity": "sha512-ZnAbquVqy+4ZjdW0cY6URp+qF/AzTVNda2jYyOzpR2cPT35FTXl78s15Bomph9+ckOiI1TtkljnWkwbIGAb6rg=="
    },
    "@types/d3-transition": {
      "version": "1.3.1",
      "resolved": "https://registry.npmjs.org/@types/d3-transition/-/d3-transition-1.3.1.tgz",
      "integrity": "sha512-U9CpMlTL/NlqdGXBlHYxTZwbmy/vN1cFv8TuAIFPX+xOW/1iChbeJBY2xmINhDQfkGJbgkH4IovafCwI1ZDrgg==",
      "requires": {
        "@types/d3-selection": "^1"
      }
    },
    "@types/d3-voronoi": {
      "version": "1.1.9",
      "resolved": "https://registry.npmjs.org/@types/d3-voronoi/-/d3-voronoi-1.1.9.tgz",
      "integrity": "sha512-DExNQkaHd1F3dFPvGA/Aw2NGyjMln6E9QzsiqOcBgnE+VInYnFBHBBySbZQts6z6xD+5jTfKCP7M4OqMyVjdwQ=="
    },
    "@types/d3-zoom": {
      "version": "1.8.2",
      "resolved": "https://registry.npmjs.org/@types/d3-zoom/-/d3-zoom-1.8.2.tgz",
      "integrity": "sha512-rU0LirorUxkLxEHSzkFs7pPC0KWsxRGc0sHrxEDR0/iQq+7/xpNkKuuOOwthlgvOtpOvtTLJ2JFOD6Kr0Si4Uw==",
      "requires": {
        "@types/d3-interpolate": "^1",
        "@types/d3-selection": "^1"
      }
    },
    "@types/estree": {
      "version": "0.0.39",
      "resolved": "https://registry.npmjs.org/@types/estree/-/estree-0.0.39.tgz",
      "integrity": "sha512-EYNwp3bU+98cpU4lAWYYL7Zz+2gryWH1qbdDTidVd6hkiR6weksdbMadyXKXNPEkQFhXM+hVO9ZygomHXp+AIw=="
    },
    "@types/geojson": {
      "version": "7946.0.7",
      "resolved": "https://registry.npmjs.org/@types/geojson/-/geojson-7946.0.7.tgz",
      "integrity": "sha512-wE2v81i4C4Ol09RtsWFAqg3BUitWbHSpSlIo+bNdsCJijO9sjme+zm+73ZMCa/qMC8UEERxzGbvmr1cffo2SiQ=="
    },
    "@types/topojson-client": {
      "version": "3.0.0",
      "resolved": "https://registry.npmjs.org/@types/topojson-client/-/topojson-client-3.0.0.tgz",
      "integrity": "sha512-HZH6E8XMhjkDEkkpe3HuIg95COuvjdnyy0EKrh8rAi1f6o/V6P3ly1kGyU2E8bpAffXDd2r+Rk5ceMX4XkqHnA==",
      "requires": {
        "@types/geojson": "*",
        "@types/topojson-specification": "*"
      }
    },
    "@types/topojson-specification": {
      "version": "1.0.1",
      "resolved": "https://registry.npmjs.org/@types/topojson-specification/-/topojson-specification-1.0.1.tgz",
      "integrity": "sha512-ZZYZUgkmUls9Uhxx2WZNt9f/h2+H3abUUjOVmq+AaaDFckC5oAwd+MDp95kBirk+XCXrYj0hfpI6DSUiJMrpYQ==",
      "requires": {
        "@types/geojson": "*"
      }
    },
    "ajv": {
      "version": "6.12.5",
      "resolved": "https://registry.npmjs.org/ajv/-/ajv-6.12.5.tgz",
      "integrity": "sha512-lRF8RORchjpKG50/WFf8xmg7sgCLFiYNNnqdKflk63whMQcWR5ngGjiSXkL9bjxy6B2npOK2HSMN49jEBMSkag==",
      "requires": {
        "fast-deep-equal": "^3.1.1",
        "fast-json-stable-stringify": "^2.0.0",
        "json-schema-traverse": "^0.4.1",
        "uri-js": "^4.2.2"
      }
    },
    "asn1": {
      "version": "0.2.4",
      "resolved": "https://registry.npmjs.org/asn1/-/asn1-0.2.4.tgz",
      "integrity": "sha512-jxwzQpLQjSmWXgwaCZE9Nz+glAG01yF1QnWgbhGwHI5A6FRIEY6IVqtHhIepHqI7/kyEyQEagBC5mBEFlIYvdg==",
      "requires": {
        "safer-buffer": "~2.1.0"
      }
    },
    "assert-plus": {
      "version": "1.0.0",
      "resolved": "https://registry.npmjs.org/assert-plus/-/assert-plus-1.0.0.tgz",
      "integrity": "sha1-8S4PPF13sLHN2RRpQuTpbB5N1SU="
    },
    "asynckit": {
      "version": "0.4.0",
      "resolved": "https://registry.npmjs.org/asynckit/-/asynckit-0.4.0.tgz",
      "integrity": "sha1-x57Zf380y48robyXkLzDZkdLS3k="
    },
    "aws-sign2": {
      "version": "0.7.0",
      "resolved": "https://registry.npmjs.org/aws-sign2/-/aws-sign2-0.7.0.tgz",
      "integrity": "sha1-tG6JCTSpWR8tL2+G1+ap8bP+dqg="
    },
    "aws4": {
      "version": "1.10.1",
      "resolved": "https://registry.npmjs.org/aws4/-/aws4-1.10.1.tgz",
      "integrity": "sha512-zg7Hz2k5lI8kb7U32998pRRFin7zJlkfezGJjUc2heaD4Pw2wObakCDVzkKztTm/Ln7eiVvYsjqak0Ed4LkMDA=="
    },
    "bcrypt-pbkdf": {
      "version": "1.0.2",
      "resolved": "https://registry.npmjs.org/bcrypt-pbkdf/-/bcrypt-pbkdf-1.0.2.tgz",
      "integrity": "sha1-pDAdOJtqQ/m2f/PKEaP2Y342Dp4=",
      "requires": {
        "tweetnacl": "^0.14.3"
      }
    },
    "caseless": {
      "version": "0.12.0",
      "resolved": "https://registry.npmjs.org/caseless/-/caseless-0.12.0.tgz",
      "integrity": "sha1-G2gcIf+EAzyCZUMJBolCDRhxUdw="
    },
    "combined-stream": {
      "version": "1.0.8",
      "resolved": "https://registry.npmjs.org/combined-stream/-/combined-stream-1.0.8.tgz",
      "integrity": "sha512-FQN4MRfuJeHf7cBbBMJFXhKSDq+2kAArBlmRBvcvFE5BB1HZKXtSFASDhdlz9zOYwxh8lDdnvmMOe/+5cdoEdg==",
      "requires": {
        "delayed-stream": "~1.0.0"
      }
    },
    "commander": {
      "version": "2.20.3",
      "resolved": "https://registry.npmjs.org/commander/-/commander-2.20.3.tgz",
      "integrity": "sha512-GpVkmM8vF2vQUkj2LvZmD35JxeJOLCwJ9cUkugyk2nuhbv3+mJvpLYYt+0+USMxE+oj+ey/lJEnhZw75x/OMcQ=="
    },
    "core-util-is": {
      "version": "1.0.2",
      "resolved": "https://registry.npmjs.org/core-util-is/-/core-util-is-1.0.2.tgz",
      "integrity": "sha1-tf1UIgqivFq1eqtxQMlAdUUDwac="
    },
    "d3-array": {
      "version": "2.8.0",
      "resolved": "https://registry.npmjs.org/d3-array/-/d3-array-2.8.0.tgz",
      "integrity": "sha512-6V272gsOeg7+9pTW1jSYOR1QE37g95I3my1hBmY+vOUNHRrk9yt4OTz/gK7PMkVAVDrYYq4mq3grTiZ8iJdNIw=="
    },
    "d3-geo": {
      "version": "2.0.1",
      "resolved": "https://registry.npmjs.org/d3-geo/-/d3-geo-2.0.1.tgz",
      "integrity": "sha512-M6yzGbFRfxzNrVhxDJXzJqSLQ90q1cCyb3EWFZ1LF4eWOBYxFypw7I/NFVBNXKNqxv1bqLathhYvdJ6DC+th3A==",
      "requires": {
        "d3-array": ">=2.5"
      }
    },
    "dashdash": {
      "version": "1.14.1",
      "resolved": "https://registry.npmjs.org/dashdash/-/dashdash-1.14.1.tgz",
      "integrity": "sha1-hTz6D3y+L+1d4gMmuN1YEDX24vA=",
      "requires": {
        "assert-plus": "^1.0.0"
      }
    },
    "delayed-stream": {
      "version": "1.0.0",
      "resolved": "https://registry.npmjs.org/delayed-stream/-/delayed-stream-1.0.0.tgz",
      "integrity": "sha1-3zrhmayt+31ECqrgsp4icrJOxhk="
    },
    "ecc-jsbn": {
      "version": "0.1.2",
      "resolved": "https://registry.npmjs.org/ecc-jsbn/-/ecc-jsbn-0.1.2.tgz",
      "integrity": "sha1-OoOpBOVDUyh4dMVkt1SThoSamMk=",
      "requires": {
        "jsbn": "~0.1.0",
        "safer-buffer": "^2.1.0"
      }
    },
    "elm": {
      "version": "0.19.1-3",
      "resolved": "https://registry.npmjs.org/elm/-/elm-0.19.1-3.tgz",
      "integrity": "sha512-6y36ewCcVmTOx8lj7cKJs3bhI5qMfoVEigePZ9PhEUNKpwjjML/pU2u2YSpHVAznuCcojoF6KIsrS1Ci7GtVaQ==",
      "requires": {
        "request": "^2.88.0"
      }
    },
    "estree-walker": {
      "version": "1.0.1",
      "resolved": "https://registry.npmjs.org/estree-walker/-/estree-walker-1.0.1.tgz",
      "integrity": "sha512-1fMXF3YP4pZZVozF8j/ZLfvnR8NSIljt56UhbZ5PeeDmmGHpgpdwQt7ITlGvYaQukCvuBRMLEiKiYC+oeIg4cg=="
    },
    "extend": {
      "version": "3.0.2",
      "resolved": "https://registry.npmjs.org/extend/-/extend-3.0.2.tgz",
      "integrity": "sha512-fjquC59cD7CyW6urNXK0FBufkZcoiGG80wTuPujX590cB5Ttln20E2UB4S/WARVqhXffZl2LNgS+gQdPIIim/g=="
    },
    "extsprintf": {
      "version": "1.3.0",
      "resolved": "https://registry.npmjs.org/extsprintf/-/extsprintf-1.3.0.tgz",
      "integrity": "sha1-lpGEQOMEGnpBT4xS48V06zw+HgU="
    },
    "fast-deep-equal": {
      "version": "3.1.3",
      "resolved": "https://registry.npmjs.org/fast-deep-equal/-/fast-deep-equal-3.1.3.tgz",
      "integrity": "sha512-f3qQ9oQy9j2AhBe/H9VC91wLmKBCCU/gDOnKNAYG5hswO7BLKj09Hc5HYNz9cGI++xlpDCIgDaitVs03ATR84Q=="
    },
    "fast-json-stable-stringify": {
      "version": "2.1.0",
      "resolved": "https://registry.npmjs.org/fast-json-stable-stringify/-/fast-json-stable-stringify-2.1.0.tgz",
      "integrity": "sha512-lhd/wF+Lk98HZoTCtlVraHtfh5XYijIjalXck7saUtuanSDyLMxnHhSXEDJqHxD7msR8D0uCmqlkwjCV8xvwHw=="
    },
    "forever-agent": {
      "version": "0.6.1",
      "resolved": "https://registry.npmjs.org/forever-agent/-/forever-agent-0.6.1.tgz",
      "integrity": "sha1-+8cfDEGt6zf5bFd60e1C2P2sypE="
    },
    "form-data": {
      "version": "2.3.3",
      "resolved": "https://registry.npmjs.org/form-data/-/form-data-2.3.3.tgz",
      "integrity": "sha512-1lLKB2Mu3aGP1Q/2eCOx0fNbRMe7XdwktwOruhfqqd0rIJWwN4Dh+E3hrPSlDCXnSR7UtZ1N38rVXm+6+MEhJQ==",
      "requires": {
        "asynckit": "^0.4.0",
        "combined-stream": "^1.0.6",
        "mime-types": "^2.1.12"
      }
    },
    "fsevents": {
      "version": "2.1.3",
      "resolved": "https://registry.npmjs.org/fsevents/-/fsevents-2.1.3.tgz",
      "integrity": "sha512-Auw9a4AxqWpa9GUfj370BMPzzyncfBABW8Mab7BGWBYDj4Isgq+cDKtx0i6u9jcX9pQDnswsaaOTgTmA5pEjuQ==",
      "optional": true
    },
    "geojson": {
      "version": "0.5.0",
      "resolved": "https://registry.npmjs.org/geojson/-/geojson-0.5.0.tgz",
      "integrity": "sha1-PNbJY5m+ZbVu5VWWEW/pGRznAcA="
    },
    "getpass": {
      "version": "0.1.7",
      "resolved": "https://registry.npmjs.org/getpass/-/getpass-0.1.7.tgz",
      "integrity": "sha1-Xv+OPmhNVprkyysSgmBOi6YhSfo=",
      "requires": {
        "assert-plus": "^1.0.0"
      }
    },
    "har-schema": {
      "version": "2.0.0",
      "resolved": "https://registry.npmjs.org/har-schema/-/har-schema-2.0.0.tgz",
      "integrity": "sha1-qUwiJOvKwEeCoNkDVSHyRzW37JI="
    },
    "har-validator": {
      "version": "5.1.5",
      "resolved": "https://registry.npmjs.org/har-validator/-/har-validator-5.1.5.tgz",
      "integrity": "sha512-nmT2T0lljbxdQZfspsno9hgrG3Uir6Ks5afism62poxqBM6sDnMEuPmzTq8XN0OEwqKLLdh1jQI3qyE66Nzb3w==",
      "requires": {
        "ajv": "^6.12.3",
        "har-schema": "^2.0.0"
      }
    },
    "http-signature": {
      "version": "1.2.0",
      "resolved": "https://registry.npmjs.org/http-signature/-/http-signature-1.2.0.tgz",
      "integrity": "sha1-muzZJRFHcvPZW2WmCruPfBj7rOE=",
      "requires": {
        "assert-plus": "^1.0.0",
        "jsprim": "^1.2.2",
        "sshpk": "^1.7.0"
      }
    },
    "is-typedarray": {
      "version": "1.0.0",
      "resolved": "https://registry.npmjs.org/is-typedarray/-/is-typedarray-1.0.0.tgz",
      "integrity": "sha1-5HnICFjfDBsR3dppQPlgEfzaSpo="
    },
    "isstream": {
      "version": "0.1.2",
      "resolved": "https://registry.npmjs.org/isstream/-/isstream-0.1.2.tgz",
      "integrity": "sha1-R+Y/evVa+m+S4VAOaQ64uFKcCZo="
    },
    "jsbn": {
      "version": "0.1.1",
      "resolved": "https://registry.npmjs.org/jsbn/-/jsbn-0.1.1.tgz",
      "integrity": "sha1-peZUwuWi3rXyAdls77yoDA7y9RM="
    },
    "json-schema": {
      "version": "0.2.3",
      "resolved": "https://registry.npmjs.org/json-schema/-/json-schema-0.2.3.tgz",
      "integrity": "sha1-tIDIkuWaLwWVTOcnvT8qTogvnhM="
    },
    "json-schema-traverse": {
      "version": "0.4.1",
      "resolved": "https://registry.npmjs.org/json-schema-traverse/-/json-schema-traverse-0.4.1.tgz",
      "integrity": "sha512-xbbCH5dCYU5T8LcEhhuh7HJ88HXuW3qsI3Y0zOZFKfZEHcpWiHU/Jxzk629Brsab/mMiHQti9wMP+845RPe3Vg=="
    },
    "json-stringify-safe": {
      "version": "5.0.1",
      "resolved": "https://registry.npmjs.org/json-stringify-safe/-/json-stringify-safe-5.0.1.tgz",
      "integrity": "sha1-Epai1Y/UXxmg9s4B1lcB4sc1tus="
    },
    "jsprim": {
      "version": "1.4.1",
      "resolved": "https://registry.npmjs.org/jsprim/-/jsprim-1.4.1.tgz",
      "integrity": "sha1-MT5mvB5cwG5Di8G3SZwuXFastqI=",
      "requires": {
        "assert-plus": "1.0.0",
        "extsprintf": "1.3.0",
        "json-schema": "0.2.3",
        "verror": "1.10.0"
      }
    },
    "mime-db": {
      "version": "1.44.0",
      "resolved": "https://registry.npmjs.org/mime-db/-/mime-db-1.44.0.tgz",
      "integrity": "sha512-/NOTfLrsPBVeH7YtFPgsVWveuL+4SjjYxaQ1xtM1KMFj7HdxlBlxeyNLzhyJVx7r4rZGJAZ/6lkKCitSc/Nmpg=="
    },
    "mime-types": {
      "version": "2.1.27",
      "resolved": "https://registry.npmjs.org/mime-types/-/mime-types-2.1.27.tgz",
      "integrity": "sha512-JIhqnCasI9yD+SsmkquHBxTSEuZdQX5BuQnS2Vc7puQQQ+8yiP5AY5uWhpdv4YL4VM5c6iliiYWPgJ/nJQLp7w==",
      "requires": {
        "mime-db": "1.44.0"
      }
    },
    "oauth-sign": {
      "version": "0.9.0",
      "resolved": "https://registry.npmjs.org/oauth-sign/-/oauth-sign-0.9.0.tgz",
      "integrity": "sha512-fexhUFFPTGV8ybAtSIGbV6gOkSv8UtRbDBnAyLQw4QPKkgNlsH2ByPGtMUqdWkos6YCRmAqViwgZrJc/mRDzZQ=="
    },
    "path-parse": {
      "version": "1.0.6",
      "resolved": "https://registry.npmjs.org/path-parse/-/path-parse-1.0.6.tgz",
      "integrity": "sha512-GSmOT2EbHrINBf9SR7CDELwlJ8AENk3Qn7OikK4nFYAu3Ote2+JYNVvkpAEQm3/TLNEJFD/xZJjzyxg3KBWOzw=="
    },
    "performance-now": {
      "version": "2.1.0",
      "resolved": "https://registry.npmjs.org/performance-now/-/performance-now-2.1.0.tgz",
      "integrity": "sha1-Ywn04OX6kT7BxpMHrjZLSzd8nns="
    },
    "picomatch": {
      "version": "2.2.2",
      "resolved": "https://registry.npmjs.org/picomatch/-/picomatch-2.2.2.tgz",
      "integrity": "sha512-q0M/9eZHzmr0AulXyPwNfZjtwZ/RBZlbN3K3CErVrk50T2ASYI7Bye0EvekFY3IP1Nt2DHu0re+V2ZHIpMkuWg=="
    },
    "psl": {
      "version": "1.8.0",
      "resolved": "https://registry.npmjs.org/psl/-/psl-1.8.0.tgz",
      "integrity": "sha512-RIdOzyoavK+hA18OGGWDqUTsCLhtA7IcZ/6NCs4fFJaHBDab+pDDmDIByWFRQJq2Cd7r1OoQxBGKOaztq+hjIQ=="
    },
    "punycode": {
      "version": "2.1.1",
      "resolved": "https://registry.npmjs.org/punycode/-/punycode-2.1.1.tgz",
      "integrity": "sha512-XRsRjdf+j5ml+y/6GKHPZbrF/8p2Yga0JPtdqTIY2Xe5ohJPD9saDJJLPvp9+NSBprVvevdXZybnj2cv8OEd0A=="
    },
    "qs": {
      "version": "6.5.2",
      "resolved": "https://registry.npmjs.org/qs/-/qs-6.5.2.tgz",
      "integrity": "sha512-N5ZAX4/LxJmF+7wN74pUD6qAh9/wnvdQcjq9TZjevvXzSUo7bfmw91saqMjzGS2xq91/odN2dW/WOl7qQHNDGA=="
    },
    "request": {
      "version": "2.88.2",
      "resolved": "https://registry.npmjs.org/request/-/request-2.88.2.tgz",
      "integrity": "sha512-MsvtOrfG9ZcrOwAW+Qi+F6HbD0CWXEh9ou77uOb7FM2WPhwT7smM833PzanhJLsgXjN89Ir6V2PczXNnMpwKhw==",
      "requires": {
        "aws-sign2": "~0.7.0",
        "aws4": "^1.8.0",
        "caseless": "~0.12.0",
        "combined-stream": "~1.0.6",
        "extend": "~3.0.2",
        "forever-agent": "~0.6.1",
        "form-data": "~2.3.2",
        "har-validator": "~5.1.3",
        "http-signature": "~1.2.0",
        "is-typedarray": "~1.0.0",
        "isstream": "~0.1.2",
        "json-stringify-safe": "~5.0.1",
        "mime-types": "~2.1.19",
        "oauth-sign": "~0.9.0",
        "performance-now": "^2.1.0",
        "qs": "~6.5.2",
        "safe-buffer": "^5.1.2",
        "tough-cookie": "~2.5.0",
        "tunnel-agent": "^0.6.0",
        "uuid": "^3.3.2"
      }
    },
    "resolve": {
      "version": "1.17.0",
      "resolved": "https://registry.npmjs.org/resolve/-/resolve-1.17.0.tgz",
      "integrity": "sha512-ic+7JYiV8Vi2yzQGFWOkiZD5Z9z7O2Zhm9XMaTxdJExKasieFCr+yXZ/WmXsckHiKl12ar0y6XiXDx3m4RHn1w==",
      "requires": {
        "path-parse": "^1.0.6"
      }
    },
    "rollup": {
      "version": "2.28.2",
      "resolved": "https://registry.npmjs.org/rollup/-/rollup-2.28.2.tgz",
      "integrity": "sha512-8txbsFBFLmm9Xdt4ByTOGa9Muonmc8MfNjnGAR8U8scJlF1ZW7AgNZa7aqBXaKtlvnYP/ab++fQIq9dB9NWUbg==",
      "requires": {
        "fsevents": "~2.1.2"
      }
    },
    "safe-buffer": {
      "version": "5.2.1",
      "resolved": "https://registry.npmjs.org/safe-buffer/-/safe-buffer-5.2.1.tgz",
      "integrity": "sha512-rp3So07KcdmmKbGvgaNxQSJr7bGVSVk5S9Eq1F+ppbRo70+YeaDxkw5Dd8NPN+GD6bjnYm2VuPuCXmpuYvmCXQ=="
    },
    "safer-buffer": {
      "version": "2.1.2",
      "resolved": "https://registry.npmjs.org/safer-buffer/-/safer-buffer-2.1.2.tgz",
      "integrity": "sha512-YZo3K82SD7Riyi0E1EQPojLz7kpepnSQI9IyPbHHg1XXXevb5dJI7tpyN2ADxGcQbHG7vcyRHk0cbwqcQriUtg=="
    },
    "sshpk": {
      "version": "1.16.1",
      "resolved": "https://registry.npmjs.org/sshpk/-/sshpk-1.16.1.tgz",
      "integrity": "sha512-HXXqVUq7+pcKeLqqZj6mHFUMvXtOJt1uoUx09pFW6011inTMxqI8BA8PM95myrIyyKwdnzjdFjLiE6KBPVtJIg==",
      "requires": {
        "asn1": "~0.2.3",
        "assert-plus": "^1.0.0",
        "bcrypt-pbkdf": "^1.0.0",
        "dashdash": "^1.12.0",
        "ecc-jsbn": "~0.1.1",
        "getpass": "^0.1.1",
        "jsbn": "~0.1.0",
        "safer-buffer": "^2.0.2",
        "tweetnacl": "~0.14.0"
      }
    },
    "topojson-client": {
      "version": "3.1.0",
      "resolved": "https://registry.npmjs.org/topojson-client/-/topojson-client-3.1.0.tgz",
      "integrity": "sha512-605uxS6bcYxGXw9qi62XyrV6Q3xwbndjachmNxu8HWTtVPxZfEJN9fd/SZS1Q54Sn2y0TMyMxFj/cJINqGHrKw==",
      "requires": {
        "commander": "2"
      }
    },
    "tough-cookie": {
      "version": "2.5.0",
      "resolved": "https://registry.npmjs.org/tough-cookie/-/tough-cookie-2.5.0.tgz",
      "integrity": "sha512-nlLsUzgm1kfLXSXfRZMc1KLAugd4hqJHDTvc2hDIwS3mZAfMEuMbc03SujMF+GEcpaX/qboeycw6iO8JwVv2+g==",
      "requires": {
        "psl": "^1.1.28",
        "punycode": "^2.1.1"
      }
    },
    "tslib": {
      "version": "2.0.2",
      "resolved": "https://registry.npmjs.org/tslib/-/tslib-2.0.2.tgz",
      "integrity": "sha512-wAH28hcEKwna96/UacuWaVspVLkg4x1aDM9JlzqaQTOFczCktkVAb5fmXChgandR1EraDPs2w8P+ozM+oafwxg=="
    },
    "tunnel-agent": {
      "version": "0.6.0",
      "resolved": "https://registry.npmjs.org/tunnel-agent/-/tunnel-agent-0.6.0.tgz",
      "integrity": "sha1-J6XeoGs2sEoKmWZ3SykIaPD8QP0=",
      "requires": {
        "safe-buffer": "^5.0.1"
      }
    },
    "tweetnacl": {
      "version": "0.14.5",
      "resolved": "https://registry.npmjs.org/tweetnacl/-/tweetnacl-0.14.5.tgz",
      "integrity": "sha1-WuaBd/GS1EViadEIr6k/+HQ/T2Q="
    },
    "typescript": {
      "version": "4.0.3",
      "resolved": "https://registry.npmjs.org/typescript/-/typescript-4.0.3.tgz",
      "integrity": "sha512-tEu6DGxGgRJPb/mVPIZ48e69xCn2yRmCgYmDugAVwmJ6o+0u1RI18eO7E7WBTLYLaEVVOhwQmcdhQHweux/WPg=="
    },
    "uri-js": {
      "version": "4.4.0",
      "resolved": "https://registry.npmjs.org/uri-js/-/uri-js-4.4.0.tgz",
      "integrity": "sha512-B0yRTzYdUCCn9n+F4+Gh4yIDtMQcaJsmYBDsTSG8g/OejKBodLQ2IHfN3bM7jUsRXndopT7OIXWdYqc1fjmV6g==",
      "requires": {
        "punycode": "^2.1.0"
      }
    },
    "uuid": {
      "version": "3.4.0",
      "resolved": "https://registry.npmjs.org/uuid/-/uuid-3.4.0.tgz",
      "integrity": "sha512-HjSDRw6gZE5JMggctHBcjVak08+KEVhSIiDzFnT9S9aegmp85S/bReBVTb4QTFaRNptJ9kuYaNhnbNEOkbKb/A=="
    },
    "verror": {
      "version": "1.10.0",
      "resolved": "https://registry.npmjs.org/verror/-/verror-1.10.0.tgz",
      "integrity": "sha1-OhBcoXBTr1XW4nDB+CiGguGNpAA=",
      "requires": {
        "assert-plus": "^1.0.0",
        "core-util-is": "1.0.2",
        "extsprintf": "^1.2.0"
      }
    }
  }
}
